{
  "object": {
    "pins": [
      {
        "package": "Alamofire",
        "repositoryURL": "https://github.com/Alamofire/Alamofire.git",
        "state": {
          "branch": null,
          "revision": "f96b619bcb2383b43d898402283924b80e2c4bae",
          "version": "5.4.3"
        }
      },
      {
        "package": "Reqres",
        "repositoryURL": "https://github.com/AckeeCZ/Reqres.git",
        "state": {
          "branch": null,
          "revision": "99ec5f97e8ad9da6824764c8fbb5aa61e14c5019",
          "version": "3.1.1"
        }
      }
    ]
  },
  "version": 1
}
